{
  "originHash" : "b6f49aaa12435ead525f6f75f57d56dad11c5db907736150538a0debbb0720c4",
  "pins" : [
    {
      "identity" : "capacitor-swift-pm",
      "kind" : "remoteSourceControl",
      "location" : "https://github.com/ionic-team/capacitor-swift-pm.git",
      "state" : {
        "revision" : "6a2a3feb25fda8df2a284d0818bc9c83e57a7d56",
        "version" : "8.3.0"
      }
    },
    {
      "identity" : "matrix-rust-components-swift",
      "kind" : "remoteSourceControl",
      "location" : "https://github.com/matrix-org/matrix-rust-components-swift",
      "state" : {
        "revision" : "2916f3f9cc2aea86ba3a820cb6a8389e13e0284a",
        "version" : "26.4.1"
      }
    }
  ],
  "version" : 3
}
